
Microsoft Visual Studio Solution File, Format Version 12.00
# Visual Studio 15
VisualStudioVersion = 15.0.28010.2046
MinimumVisualStudioVersion = 10.0.40219.1
Project("{FAE04EC0-301F-11D3-BF4B-00C04F79EFBC}") = "FYPMustafa", "FYPMustafa\FYPMustafa.csproj", "{6057661C-2B92-435C-AA0C-2FCC7DCACCDF}"
EndProject
Global
	GlobalSection(SolutionConfigurationPlatforms) = preSolution
		Debug|Any CPU = Debug|Any CPU
		Release|Any CPU = Release|Any CPU
	EndGlobalSection
	GlobalSection(ProjectConfigurationPlatforms) = postSolution
		{6057661C-2B92-435C-AA0C-2FCC7DCACCDF}.Debug|Any CPU.ActiveCfg = Debug|Any CPU
		{6057661C-2B92-435C-AA0C-2FCC7DCACCDF}.Debug|Any CPU.Build.0 = Debug|Any CPU
		{6057661C-2B92-435C-AA0C-2FCC7DCACCDF}.Release|Any CPU.ActiveCfg = Release|Any CPU
		{6057661C-2B92-435C-AA0C-2FCC7DCACCDF}.Release|Any CPU.Build.0 = Release|Any CPU
	EndGlobalSection
	GlobalSection(SolutionProperties) = preSolution
		HideSolutionNode = FALSE
	EndGlobalSection
	GlobalSection(ExtensibilityGlobals) = postSolution
		SolutionGuid = {95F59DF4-8779-45E8-A124-E47F7B0AFC8F}
	EndGlobalSection
EndGlobal
